
Microsoft Visual Studio Solution File, Format Version 12.00
# Visual Studio Version 17
VisualStudioVersion = 17.8.34322.80
MinimumVisualStudioVersion = 10.0.40219.1
Project("{FAE04EC0-301F-11D3-BF4B-00C04F79EFBC}") = "UserInterfaceTrial", "UserInterfaceTrial\UserInterfaceTrial.csproj", "{974A8573-D536-4BFD-88F0-A3DB645C7E86}"
EndProject
Global
	GlobalSection(SolutionConfigurationPlatforms) = preSolution
		Debug|Any CPU = Debug|Any CPU
		Release|Any CPU = Release|Any CPU
	EndGlobalSection
	GlobalSection(ProjectConfigurationPlatforms) = postSolution
		{974A8573-D536-4BFD-88F0-A3DB645C7E86}.Debug|Any CPU.ActiveCfg = Debug|Any CPU
		{974A8573-D536-4BFD-88F0-A3DB645C7E86}.Debug|Any CPU.Build.0 = Debug|Any CPU
		{974A8573-D536-4BFD-88F0-A3DB645C7E86}.Release|Any CPU.ActiveCfg = Release|Any CPU
		{974A8573-D536-4BFD-88F0-A3DB645C7E86}.Release|Any CPU.Build.0 = Release|Any CPU
	EndGlobalSection
	GlobalSection(SolutionProperties) = preSolution
		HideSolutionNode = FALSE
	EndGlobalSection
	GlobalSection(ExtensibilityGlobals) = postSolution
		SolutionGuid = {48556F79-5EEF-4A61-BA95-0737D21F45AE}
	EndGlobalSection
EndGlobal
